{
  "name": "atopile",
  "lockfileVersion": 3,
  "requires": true,
  "packages": {
    "": {
      "dependencies": {
        "@joint/core": "^4.0.1",
        "jquery": "^3.7.1"
      }
    },
    "node_modules/@joint/core": {
      "version": "4.0.1",
      "resolved": "https://registry.npmjs.org/@joint/core/-/core-4.0.1.tgz",
      "integrity": "sha512-/nI64MhSUhTJ4rVT0UeaVBYyFYE8SLGbz1M6nB3lcE9pub1a8cudXG6+8MqhmQMMBOZ2SwNUpHebZXyl5gqDZg=="
    },
    "node_modules/jquery": {
      "version": "3.7.1",
      "resolved": "https://registry.npmjs.org/jquery/-/jquery-3.7.1.tgz",
      "integrity": "sha512-m4avr8yL8kmFN8psrbFFFmB/If14iN5o9nw/NgnnM+kybDJpRsAynV2BsfpTYrTRysYUdADVD7CkUUizgkpLfg=="
    }
  }
}
